
Microsoft Visual Studio Solution File, Format Version 12.00
# Visual Studio Version 17
VisualStudioVersion = 17.1.32421.90
MinimumVisualStudioVersion = 10.0.40219.1
Project("{FAE04EC0-301F-11D3-BF4B-00C04F79EFBC}") = "AutomobileLibrary", "AutomobileLibrary\AutomobileLibrary.csproj", "{D942768D-F7CB-4E61-AF77-F59A6DF13B1C}"
EndProject
Project("{FAE04EC0-301F-11D3-BF4B-00C04F79EFBC}") = "AutoMobileForm", "AutoMobileForm\AutoMobileForm.csproj", "{E946C08B-60BC-4C81-9608-E7389CF73F95}"
EndProject
Global
	GlobalSection(SolutionConfigurationPlatforms) = preSolution
		Debug|Any CPU = Debug|Any CPU
		Release|Any CPU = Release|Any CPU
	EndGlobalSection
	GlobalSection(ProjectConfigurationPlatforms) = postSolution
		{D942768D-F7CB-4E61-AF77-F59A6DF13B1C}.Debug|Any CPU.ActiveCfg = Debug|Any CPU
		{D942768D-F7CB-4E61-AF77-F59A6DF13B1C}.Debug|Any CPU.Build.0 = Debug|Any CPU
		{D942768D-F7CB-4E61-AF77-F59A6DF13B1C}.Release|Any CPU.ActiveCfg = Release|Any CPU
		{D942768D-F7CB-4E61-AF77-F59A6DF13B1C}.Release|Any CPU.Build.0 = Release|Any CPU
		{E946C08B-60BC-4C81-9608-E7389CF73F95}.Debug|Any CPU.ActiveCfg = Debug|Any CPU
		{E946C08B-60BC-4C81-9608-E7389CF73F95}.Debug|Any CPU.Build.0 = Debug|Any CPU
		{E946C08B-60BC-4C81-9608-E7389CF73F95}.Release|Any CPU.ActiveCfg = Release|Any CPU
		{E946C08B-60BC-4C81-9608-E7389CF73F95}.Release|Any CPU.Build.0 = Release|Any CPU
	EndGlobalSection
	GlobalSection(SolutionProperties) = preSolution
		HideSolutionNode = FALSE
	EndGlobalSection
	GlobalSection(ExtensibilityGlobals) = postSolution
		SolutionGuid = {6D5475A0-E1FF-433C-9EEF-3411ABEBB074}
	EndGlobalSection
EndGlobal
